// !$*UTF8*$!
{
	archiveVersion = 1;
	classes = {
	};
	objectVersion = 46;
	objects = {

/* Begin PBXBuildFile section */
		9BCB6EA81C85E08E00E57504 /* AppDelegate.swift in Sources */ = {isa = PBXBuildFile; fileRef = 9BCB6EA71C85E08E00E57504 /* AppDelegate.swift */; };
		9BCB6EAD1C85E08E00E57504 /* Main.storyboard in Resources */ = {isa = PBXBuildFile; fileRef = 9BCB6EAB1C85E08E00E57504 /* Main.storyboard */; };
		9BCB6EAF1C85E08F00E57504 /* Assets.xcassets in Resources */ = {isa = PBXBuildFile; fileRef = 9BCB6EAE1C85E08F00E57504 /* Assets.xcassets */; };
		9BCB6EB21C85E08F00E57504 /* LaunchScreen.storyboard in Resources */ = {isa = PBXBuildFile; fileRef = 9BCB6EB01C85E08F00E57504 /* LaunchScreen.storyboard */; };
		9BCB6EBD1C85E08F00E57504 /* HappinessTests.swift in Sources */ = {isa = PBXBuildFile; fileRef = 9BCB6EBC1C85E08F00E57504 /* HappinessTests.swift */; };
		9BCB6EC81C85E08F00E57504 /* HappinessUITests.swift in Sources */ = {isa = PBXBuildFile; fileRef = 9BCB6EC71C85E08F00E57504 /* HappinessUITests.swift */; };
		9BCB6ED61C85E14A00E57504 /* HappinessViewController.swift in Sources */ = {isa = PBXBuildFile; fileRef = 9BCB6ED51C85E14A00E57504 /* HappinessViewController.swift */; };
		9BCB6ED81C85E23700E57504 /* FaceView.swift in Sources */ = {isa = PBXBuildFile; fileRef = 9BCB6ED71C85E23700E57504 /* FaceView.swift */; };
/* End PBXBuildFile section */

/* Begin PBXContainerItemProxy section */
		9BCB6EB91C85E08F00E57504 /* PBXContainerItemProxy */ = {
			isa = PBXContainerItemProxy;
			containerPortal = 9BCB6E9C1C85E08E00E57504 /* Project object */;
			proxyType = 1;
			remoteGlobalIDString = 9BCB6EA31C85E08E00E57504;
			remoteInfo = Happiness;
		};
		9BCB6EC41C85E08F00E57504 /* PBXContainerItemProxy */ = {
			isa = PBXContainerItemProxy;
			containerPortal = 9BCB6E9C1C85E08E00E57504 /* Project object */;
			proxyType = 1;
			remoteGlobalIDString = 9BCB6EA31C85E08E00E57504;
			remoteInfo = Happiness;
		};
/* End PBXContainerItemProxy section */

/* Begin PBXFileReference section */
		9BCB6EA41C85E08E00E57504 /* Happiness.app */ = {isa = PBXFileReference; explicitFileType = wrapper.application; includeInIndex = 0; path = Happiness.app; sourceTree = BUILT_PRODUCTS_DIR; };
		9BCB6EA71C85E08E00E57504 /* AppDelegate.swift */ = {isa = PBXFileReference; lastKnownFileType = sourcecode.swift; path = AppDelegate.swift; sourceTree = "<group>"; };
		9BCB6EAC1C85E08E00E57504 /* Base */ = {isa = PBXFileReference; lastKnownFileType = file.storyboard; name = Base; path = Base.lproj/Main.storyboard; sourceTree = "<group>"; };
		9BCB6EAE1C85E08F00E57504 /* Assets.xcassets */ = {isa = PBXFileReference; lastKnownFileType = folder.assetcatalog; path = Assets.xcassets; sourceTree = "<group>"; };
		9BCB6EB11C85E08F00E57504 /* Base */ = {isa = PBXFileReference; lastKnownFileType = file.storyboard; name = Base; path = Base.lproj/LaunchScreen.storyboard; sourceTree = "<group>"; };
		9BCB6EB31C85E08F00E57504 /* Info.plist */ = {isa = PBXFileReference; lastKnownFileType = text.plist.xml; path = Info.plist; sourceTree = "<group>"; };
		9BCB6EB81C85E08F00E57504 /* HappinessTests.xctest */ = {isa = PBXFileReference; explicitFileType = wrapper.cfbundle; includeInIndex = 0; path = HappinessTests.xctest; sourceTree = BUILT_PRODUCTS_DIR; };
		9BCB6EBC1C85E08F00E57504 /* HappinessTests.swift */ = {isa = PBXFileReference; lastKnownFileType = sourcecode.swift; path = HappinessTests.swift; sourceTree = "<group>"; };
		9BCB6EBE1C85E08F00E57504 /* Info.plist */ = {isa = PBXFileReference; lastKnownFileType = text.plist.xml; path = Info.plist; sourceTree = "<group>"; };
		9BCB6EC31C85E08F00E57504 /* HappinessUITests.xctest */ = {isa = PBXFileReference; explicitFileType = wrapper.cfbundle; includeInIndex = 0; path = HappinessUITests.xctest; sourceTree = BUILT_PRODUCTS_DIR; };
		9BCB6EC71C85E08F00E57504 /* HappinessUITests.swift */ = {isa = PBXFileReference; lastKnownFileType = sourcecode.swift; path = HappinessUITests.swift; sourceTree = "<group>"; };
		9BCB6EC91C85E08F00E57504 /* Info.plist */ = {isa = PBXFileReference; lastKnownFileType = text.plist.xml; path = Info.plist; sourceTree = "<group>"; };
		9BCB6ED51C85E14A00E57504 /* HappinessViewController.swift */ = {isa = PBXFileReference; fileEncoding = 4; lastKnownFileType = sourcecode.swift; path = HappinessViewController.swift; sourceTree = "<group>"; };
		9BCB6ED71C85E23700E57504 /* FaceView.swift */ = {isa = PBXFileReference; fileEncoding = 4; lastKnownFileType = sourcecode.swift; path = FaceView.swift; sourceTree = "<group>"; };
/* End PBXFileReference section */

/* Begin PBXFrameworksBuildPhase section */
		9BCB6EA11C85E08E00E57504 /* Frameworks */ = {
			isa = PBXFrameworksBuildPhase;
			buildActionMask = 2147483647;
			files = (
			);
			runOnlyForDeploymentPostprocessing = 0;
		};
		9BCB6EB51C85E08F00E57504 /* Frameworks */ = {
			isa = PBXFrameworksBuildPhase;
			buildActionMask = 2147483647;
			files = (
			);
			runOnlyForDeploymentPostprocessing = 0;
		};
		9BCB6EC01C85E08F00E57504 /* Frameworks */ = {
			isa = PBXFrameworksBuildPhase;
			buildActionMask = 2147483647;
			files = (
			);
			runOnlyForDeploymentPostprocessing = 0;
		};
/* End PBXFrameworksBuildPhase section */

/* Begin PBXGroup section */
		9BCB6E9B1C85E08E00E57504 = {
			isa = PBXGroup;
			children = (
				9BCB6EA61C85E08E00E57504 /* Happiness */,
				9BCB6EBB1C85E08F00E57504 /* HappinessTests */,
				9BCB6EC61C85E08F00E57504 /* HappinessUITests */,
				9BCB6EA51C85E08E00E57504 /* Products */,
			);
			sourceTree = "<group>";
		};
		9BCB6EA51C85E08E00E57504 /* Products */ = {
			isa = PBXGroup;
			children = (
				9BCB6EA41C85E08E00E57504 /* Happiness.app */,
				9BCB6EB81C85E08F00E57504 /* HappinessTests.xctest */,
				9BCB6EC31C85E08F00E57504 /* HappinessUITests.xctest */,
			);
			name = Products;
			sourceTree = "<group>";
		};
		9BCB6EA61C85E08E00E57504 /* Happiness */ = {
			isa = PBXGroup;
			children = (
				9BCB6EA71C85E08E00E57504 /* AppDelegate.swift */,
				9BCB6EAB1C85E08E00E57504 /* Main.storyboard */,
				9BCB6ED71C85E23700E57504 /* FaceView.swift */,
				9BCB6ED51C85E14A00E57504 /* HappinessViewController.swift */,
				9BCB6EAE1C85E08F00E57504 /* Assets.xcassets */,
				9BCB6EB01C85E08F00E57504 /* LaunchScreen.storyboard */,
				9BCB6EB31C85E08F00E57504 /* Info.plist */,
			);
			path = Happiness;
			sourceTree = "<group>";
		};
		9BCB6EBB1C85E08F00E57504 /* HappinessTests */ = {
			isa = PBXGroup;
			children = (
				9BCB6EBC1C85E08F00E57504 /* HappinessTests.swift */,
				9BCB6EBE1C85E08F00E57504 /* Info.plist */,
			);
			path = HappinessTests;
			sourceTree = "<group>";
		};
		9BCB6EC61C85E08F00E57504 /* HappinessUITests */ = {
			isa = PBXGroup;
			children = (
				9BCB6EC71C85E08F00E57504 /* HappinessUITests.swift */,
				9BCB6EC91C85E08F00E57504 /* Info.plist */,
			);
			path = HappinessUITests;
			sourceTree = "<group>";
		};
/* End PBXGroup section */

/* Begin PBXNativeTarget section */
		9BCB6EA31C85E08E00E57504 /* Happiness */ = {
			isa = PBXNativeTarget;
			buildConfigurationList = 9BCB6ECC1C85E08F00E57504 /* Build configuration list for PBXNativeTarget "Happiness" */;
			buildPhases = (
				9BCB6EA01C85E08E00E57504 /* Sources */,
				9BCB6EA11C85E08E00E57504 /* Frameworks */,
				9BCB6EA21C85E08E00E57504 /* Resources */,
			);
			buildRules = (
			);
			dependencies = (
			);
			name = Happiness;
			productName = Happiness;
			productReference = 9BCB6EA41C85E08E00E57504 /* Happiness.app */;
			productType = "com.apple.product-type.application";
		};
		9BCB6EB71C85E08F00E57504 /* HappinessTests */ = {
			isa = PBXNativeTarget;
			buildConfigurationList = 9BCB6ECF1C85E08F00E57504 /* Build configuration list for PBXNativeTarget "HappinessTests" */;
			buildPhases = (
				9BCB6EB41C85E08F00E57504 /* Sources */,
				9BCB6EB51C85E08F00E57504 /* Frameworks */,
				9BCB6EB61C85E08F00E57504 /* Resources */,
			);
			buildRules = (
			);
			dependencies = (
				9BCB6EBA1C85E08F00E57504 /* PBXTargetDependency */,
			);
			name = HappinessTests;
			productName = HappinessTests;
			productReference = 9BCB6EB81C85E08F00E57504 /* HappinessTests.xctest */;
			productType = "com.apple.product-type.bundle.unit-test";
		};
		9BCB6EC21C85E08F00E57504 /* HappinessUITests */ = {
			isa = PBXNativeTarget;
			buildConfigurationList = 9BCB6ED21C85E08F00E57504 /* Build configuration list for PBXNativeTarget "HappinessUITests" */;
			buildPhases = (
				9BCB6EBF1C85E08F00E57504 /* Sources */,
				9BCB6EC01C85E08F00E57504 /* Frameworks */,
				9BCB6EC11C85E08F00E57504 /* Resources */,
			);
			buildRules = (
			);
			dependencies = (
				9BCB6EC51C85E08F00E57504 /* PBXTargetDependency */,
			);
			name = HappinessUITests;
			productName = HappinessUITests;
			productReference = 9BCB6EC31C85E08F00E57504 /* HappinessUITests.xctest */;
			productType = "com.apple.product-type.bundle.ui-testing";
		};
/* End PBXNativeTarget section */

/* Begin PBXProject section */
		9BCB6E9C1C85E08E00E57504 /* Project object */ = {
			isa = PBXProject;
			attributes = {
				LastSwiftUpdateCheck = 0710;
				LastUpgradeCheck = 0710;
				ORGANIZATIONNAME = "Ellen Local";
				TargetAttributes = {
					9BCB6EA31C85E08E00E57504 = {
						CreatedOnToolsVersion = 7.1.1;
					};
					9BCB6EB71C85E08F00E57504 = {
						CreatedOnToolsVersion = 7.1.1;
						TestTargetID = 9BCB6EA31C85E08E00E57504;
					};
					9BCB6EC21C85E08F00E57504 = {
						CreatedOnToolsVersion = 7.1.1;
						TestTargetID = 9BCB6EA31C85E08E00E57504;
					};
				};
			};
			buildConfigurationList = 9BCB6E9F1C85E08E00E57504 /* Build configuration list for PBXProject "Happiness" */;
			compatibilityVersion = "Xcode 3.2";
			developmentRegion = English;
			hasScannedForEncodings = 0;
			knownRegions = (
				en,
				Base,
			);
			mainGroup = 9BCB6E9B1C85E08E00E57504;
			productRefGroup = 9BCB6EA51C85E08E00E57504 /* Products */;
			projectDirPath = "";
			projectRoot = "";
			targets = (
				9BCB6EA31C85E08E00E57504 /* Happiness */,
				9BCB6EB71C85E08F00E57504 /* HappinessTests */,
				9BCB6EC21C85E08F00E57504 /* HappinessUITests */,
			);
		};
/* End PBXProject section */

/* Begin PBXResourcesBuildPhase section */
		9BCB6EA21C85E08E00E57504 /* Resources */ = {
			isa = PBXResourcesBuildPhase;
			buildActionMask = 2147483647;
			files = (
				9BCB6EB21C85E08F00E57504 /* LaunchScreen.storyboard in Resources */,
				9BCB6EAF1C85E08F00E57504 /* Assets.xcassets in Resources */,
				9BCB6EAD1C85E08E00E57504 /* Main.storyboard in Resources */,
			);
			runOnlyForDeploymentPostprocessing = 0;
		};
		9BCB6EB61C85E08F00E57504 /* Resources */ = {
			isa = PBXResourcesBuildPhase;
			buildActionMask = 2147483647;
			files = (
			);
			runOnlyForDeploymentPostprocessing = 0;
		};
		9BCB6EC11C85E08F00E57504 /* Resources */ = {
			isa = PBXResourcesBuildPhase;
			buildActionMask = 2147483647;
			files = (
			);
			runOnlyForDeploymentPostprocessing = 0;
		};
/* End PBXResourcesBuildPhase section */

/* Begin PBXSourcesBuildPhase section */
		9BCB6EA01C85E08E00E57504 /* Sources */ = {
			isa = PBXSourcesBuildPhase;
			buildActionMask = 2147483647;
			files = (
				9BCB6ED61C85E14A00E57504 /* HappinessViewController.swift in Sources */,
				9BCB6EA81C85E08E00E57504 /* AppDelegate.swift in Sources */,
				9BCB6ED81C85E23700E57504 /* FaceView.swift in Sources */,
			);
			runOnlyForDeploymentPostprocessing = 0;
		};
		9BCB6EB41C85E08F00E57504 /* Sources */ = {
			isa = PBXSourcesBuildPhase;
			buildActionMask = 2147483647;
			files = (
				9BCB6EBD1C85E08F00E57504 /* HappinessTests.swift in Sources */,
			);
			runOnlyForDeploymentPostprocessing = 0;
		};
		9BCB6EBF1C85E08F00E57504 /* Sources */ = {
			isa = PBXSourcesBuildPhase;
			buildActionMask = 2147483647;
			files = (
				9BCB6EC81C85E08F00E57504 /* HappinessUITests.swift in Sources */,
			);
			runOnlyForDeploymentPostprocessing = 0;
		};
/* End PBXSourcesBuildPhase section */

/* Begin PBXTargetDependency section */
		9BCB6EBA1C85E08F00E57504 /* PBXTargetDependency */ = {
			isa = PBXTargetDependency;
			target = 9BCB6EA31C85E08E00E57504 /* Happiness */;
			targetProxy = 9BCB6EB91C85E08F00E57504 /* PBXContainerItemProxy */;
		};
		9BCB6EC51C85E08F00E57504 /* PBXTargetDependency */ = {
			isa = PBXTargetDependency;
			target = 9BCB6EA31C85E08E00E57504 /* Happiness */;
			targetProxy = 9BCB6EC41C85E08F00E57504 /* PBXContainerItemProxy */;
		};
/* End PBXTargetDependency section */

/* Begin PBXVariantGroup section */
		9BCB6EAB1C85E08E00E57504 /* Main.storyboard */ = {
			isa = PBXVariantGroup;
			children = (
				9BCB6EAC1C85E08E00E57504 /* Base */,
			);
			name = Main.storyboard;
			sourceTree = "<group>";
		};
		9BCB6EB01C85E08F00E57504 /* LaunchScreen.storyboard */ = {
			isa = PBXVariantGroup;
			children = (
				9BCB6EB11C85E08F00E57504 /* Base */,
			);
			name = LaunchScreen.storyboard;
			sourceTree = "<group>";
		};
/* End PBXVariantGroup section */

/* Begin XCBuildConfiguration section */
		9BCB6ECA1C85E08F00E57504 /* Debug */ = {
			isa = XCBuildConfiguration;
			buildSettings = {
				ALWAYS_SEARCH_USER_PATHS = NO;
				CLANG_CXX_LANGUAGE_STANDARD = "gnu++0x";
				CLANG_CXX_LIBRARY = "libc++";
				CLANG_ENABLE_MODULES = YES;
				CLANG_ENABLE_OBJC_ARC = YES;
				CLANG_WARN_BOOL_CONVERSION = YES;
				CLANG_WARN_CONSTANT_CONVERSION = YES;
				CLANG_WARN_DIRECT_OBJC_ISA_USAGE = YES_ERROR;
				CLANG_WARN_EMPTY_BODY = YES;
				CLANG_WARN_ENUM_CONVERSION = YES;
				CLANG_WARN_INT_CONVERSION = YES;
				CLANG_WARN_OBJC_ROOT_CLASS = YES_ERROR;
				CLANG_WARN_UNREACHABLE_CODE = YES;
				CLANG_WARN__DUPLICATE_METHOD_MATCH = YES;
				"CODE_SIGN_IDENTITY[sdk=iphoneos*]" = "iPhone Developer";
				COPY_PHASE_STRIP = NO;
				DEBUG_INFORMATION_FORMAT = dwarf;
				ENABLE_STRICT_OBJC_MSGSEND = YES;
				ENABLE_TESTABILITY = YES;
				GCC_C_LANGUAGE_STANDARD = gnu99;
				GCC_DYNAMIC_NO_PIC = NO;
				GCC_NO_COMMON_BLOCKS = YES;
				GCC_OPTIMIZATION_LEVEL = 0;
				GCC_PREPROCESSOR_DEFINITIONS = (
					"DEBUG=1",
					"$(inherited)",
				);
				GCC_WARN_64_TO_32_BIT_CONVERSION = YES;
				GCC_WARN_ABOUT_RETURN_TYPE = YES_ERROR;
				GCC_WARN_UNDECLARED_SELECTOR = YES;
				GCC_WARN_UNINITIALIZED_AUTOS = YES_AGGRESSIVE;
				GCC_WARN_UNUSED_FUNCTION = YES;
				GCC_WARN_UNUSED_VARIABLE = YES;
				IPHONEOS_DEPLOYMENT_TARGET = 9.1;
				MTL_ENABLE_DEBUG_INFO = YES;
				ONLY_ACTIVE_ARCH = YES;
				SDKROOT = iphoneos;
				SWIFT_OPTIMIZATION_LEVEL = "-Onone";
				TARGETED_DEVICE_FAMILY = "1,2";
			};
			name = Debug;
		};
		9BCB6ECB1C85E08F00E57504 /* Release */ = {
			isa = XCBuildConfiguration;
			buildSettings = {
				ALWAYS_SEARCH_USER_PATHS = NO;
				CLANG_CXX_LANGUAGE_STANDARD = "gnu++0x";
				CLANG_CXX_LIBRARY = "libc++";
				CLANG_ENABLE_MODULES = YES;
				CLANG_ENABLE_OBJC_ARC = YES;
				CLANG_WARN_BOOL_CONVERSION = YES;
				CLANG_WARN_CONSTANT_CONVERSION = YES;
				CLANG_WARN_DIRECT_OBJC_ISA_USAGE = YES_ERROR;
				CLANG_WARN_EMPTY_BODY = YES;
				CLANG_WARN_ENUM_CONVERSION = YES;
				CLANG_WARN_INT_CONVERSION = YES;
				CLANG_WARN_OBJC_ROOT_CLASS = YES_ERROR;
				CLANG_WARN_UNREACHABLE_CODE = YES;
				CLANG_WARN__DUPLICATE_METHOD_MATCH = YES;
				"CODE_SIGN_IDENTITY[sdk=iphoneos*]" = "iPhone Developer";
				COPY_PHASE_STRIP = NO;
				DEBUG_INFORMATION_FORMAT = "dwarf-with-dsym";
				ENABLE_NS_ASSERTIONS = NO;
				ENABLE_STRICT_OBJC_MSGSEND = YES;
				GCC_C_LANGUAGE_STANDARD = gnu99;
				GCC_NO_COMMON_BLOCKS = YES;
				GCC_WARN_64_TO_32_BIT_CONVERSION = YES;
				GCC_WARN_ABOUT_RETURN_TYPE = YES_ERROR;
				GCC_WARN_UNDECLARED_SELECTOR = YES;
				GCC_WARN_UNINITIALIZED_AUTOS = YES_AGGRESSIVE;
				GCC_WARN_UNUSED_FUNCTION = YES;
				GCC_WARN_UNUSED_VARIABLE = YES;
				IPHONEOS_DEPLOYMENT_TARGET = 9.1;
				MTL_ENABLE_DEBUG_INFO = NO;
				SDKROOT = iphoneos;
				TARGETED_DEVICE_FAMILY = "1,2";
				VALIDATE_PRODUCT = YES;
			};
			name = Release;
		};
		9BCB6ECD1C85E08F00E57504 /* Debug */ = {
			isa = XCBuildConfiguration;
			buildSettings = {
				ASSETCATALOG_COMPILER_APPICON_NAME = AppIcon;
				INFOPLIST_FILE = Happiness/Info.plist;
				LD_RUNPATH_SEARCH_PATHS = "$(inherited) @executable_path/Frameworks";
				PRODUCT_BUNDLE_IDENTIFIER = edu.luther.cs393.ellenwiderski.Happiness;
				PRODUCT_NAME = "$(TARGET_NAME)";
			};
			name = Debug;
		};
		9BCB6ECE1C85E08F00E57504 /* Release */ = {
			isa = XCBuildConfiguration;
			buildSettings = {
				ASSETCATALOG_COMPILER_APPICON_NAME = AppIcon;
				INFOPLIST_FILE = Happiness/Info.plist;
				LD_RUNPATH_SEARCH_PATHS = "$(inherited) @executable_path/Frameworks";
				PRODUCT_BUNDLE_IDENTIFIER = edu.luther.cs393.ellenwiderski.Happiness;
				PRODUCT_NAME = "$(TARGET_NAME)";
			};
			name = Release;
		};
		9BCB6ED01C85E08F00E57504 /* Debug */ = {
			isa = XCBuildConfiguration;
			buildSettings = {
				BUNDLE_LOADER = "$(TEST_HOST)";
				INFOPLIST_FILE = HappinessTests/Info.plist;
				LD_RUNPATH_SEARCH_PATHS = "$(inherited) @executable_path/Frameworks @loader_path/Frameworks";
				PRODUCT_BUNDLE_IDENTIFIER = edu.luther.cs393.ellenwiderski.HappinessTests;
				PRODUCT_NAME = "$(TARGET_NAME)";
				TEST_HOST = "$(BUILT_PRODUCTS_DIR)/Happiness.app/Happiness";
			};
			name = Debug;
		};
		9BCB6ED11C85E08F00E57504 /* Release */ = {
			isa = XCBuildConfiguration;
			buildSettings = {
				BUNDLE_LOADER = "$(TEST_HOST)";
				INFOPLIST_FILE = HappinessTests/Info.plist;
				LD_RUNPATH_SEARCH_PATHS = "$(inherited) @executable_path/Frameworks @loader_path/Frameworks";
				PRODUCT_BUNDLE_IDENTIFIER = edu.luther.cs393.ellenwiderski.HappinessTests;
				PRODUCT_NAME = "$(TARGET_NAME)";
				TEST_HOST = "$(BUILT_PRODUCTS_DIR)/Happiness.app/Happiness";
			};
			name = Release;
		};
		9BCB6ED31C85E08F00E57504 /* Debug */ = {
			isa = XCBuildConfiguration;
			buildSettings = {
				INFOPLIST_FILE = HappinessUITests/Info.plist;
				LD_RUNPATH_SEARCH_PATHS = "$(inherited) @executable_path/Frameworks @loader_path/Frameworks";
				PRODUCT_BUNDLE_IDENTIFIER = edu.luther.cs393.ellenwiderski.HappinessUITests;
				PRODUCT_NAME = "$(TARGET_NAME)";
				TEST_TARGET_NAME = Happiness;
				USES_XCTRUNNER = YES;
			};
			name = Debug;
		};
		9BCB6ED41C85E08F00E57504 /* Release */ = {
			isa = XCBuildConfiguration;
			buildSettings = {
				INFOPLIST_FILE = HappinessUITests/Info.plist;
				LD_RUNPATH_SEARCH_PATHS = "$(inherited) @executable_path/Frameworks @loader_path/Frameworks";
				PRODUCT_BUNDLE_IDENTIFIER = edu.luther.cs393.ellenwiderski.HappinessUITests;
				PRODUCT_NAME = "$(TARGET_NAME)";
				TEST_TARGET_NAME = Happiness;
				USES_XCTRUNNER = YES;
			};
			name = Release;
		};
/* End XCBuildConfiguration section */

/* Begin XCConfigurationList section */
		9BCB6E9F1C85E08E00E57504 /* Build configuration list for PBXProject "Happiness" */ = {
			isa = XCConfigurationList;
			buildConfigurations = (
				9BCB6ECA1C85E08F00E57504 /* Debug */,
				9BCB6ECB1C85E08F00E57504 /* Release */,
			);
			defaultConfigurationIsVisible = 0;
			defaultConfigurationName = Release;
		};
		9BCB6ECC1C85E08F00E57504 /* Build configuration list for PBXNativeTarget "Happiness" */ = {
			isa = XCConfigurationList;
			buildConfigurations = (
				9BCB6ECD1C85E08F00E57504 /* Debug */,
				9BCB6ECE1C85E08F00E57504 /* Release */,
			);
			defaultConfigurationIsVisible = 0;
		};
		9BCB6ECF1C85E08F00E57504 /* Build configuration list for PBXNativeTarget "HappinessTests" */ = {
			isa = XCConfigurationList;
			buildConfigurations = (
				9BCB6ED01C85E08F00E57504 /* Debug */,
				9BCB6ED11C85E08F00E57504 /* Release */,
			);
			defaultConfigurationIsVisible = 0;
		};
		9BCB6ED21C85E08F00E57504 /* Build configuration list for PBXNativeTarget "HappinessUITests" */ = {
			isa = XCConfigurationList;
			buildConfigurations = (
				9BCB6ED31C85E08F00E57504 /* Debug */,
				9BCB6ED41C85E08F00E57504 /* Release */,
			);
			defaultConfigurationIsVisible = 0;
		};
/* End XCConfigurationList section */
	};
	rootObject = 9BCB6E9C1C85E08E00E57504 /* Project object */;
}
